
Microsoft Visual Studio Solution File, Format Version 12.00
# Visual Studio 15
VisualStudioVersion = 15.0.27130.0
MinimumVisualStudioVersion = 10.0.40219.1
Project("{9A19103F-16F7-4668-BE54-9A1E7A4F7556}") = "Framework.Core", "Framework.Core\Framework.Core.csproj", "{508747B6-68F8-422D-BA92-8ECB40951A58}"
EndProject
Project("{2150E333-8FDC-42A3-9474-1A3956D46DE8}") = "01.Framework", "01.Framework", "{F7A06D62-7D7F-4E3A-B6B6-516702F200E2}"
EndProject
Project("{2150E333-8FDC-42A3-9474-1A3956D46DE8}") = "02.WebSites", "02.WebSites", "{2534EA69-0D35-47D7-9DCC-8E16664880B2}"
EndProject
Project("{2150E333-8FDC-42A3-9474-1A3956D46DE8}") = "03.Services", "03.Services", "{B1A7436B-8D20-41D0-9516-DD52BB8D3933}"
EndProject
Project("{2150E333-8FDC-42A3-9474-1A3956D46DE8}") = "02.Repositories", "02.Repositories", "{0B95A718-2AB2-4DAA-B3A5-DAF42F6019C1}"
EndProject
Project("{2150E333-8FDC-42A3-9474-1A3956D46DE8}") = "05.Models", "05.Models", "{F06A3493-20FB-4125-9BE3-3C2ACC85D73D}"
EndProject
Project("{9A19103F-16F7-4668-BE54-9A1E7A4F7556}") = "MySites.DataModels", "MySites.DataModels\MySites.DataModels.csproj", "{1B086FC6-0D11-47D6-A0D7-A991F240AB8A}"
EndProject
Project("{9A19103F-16F7-4668-BE54-9A1E7A4F7556}") = "MySites.IServices", "MySites.IServices\MySites.IServices.csproj", "{C6E91090-7BE4-4D4C-903D-0332375CE331}"
EndProject
Project("{9A19103F-16F7-4668-BE54-9A1E7A4F7556}") = "MySites.Services", "MySites.Services\MySites.Services.csproj", "{045B4AA8-5042-4036-A262-2067985E630B}"
EndProject
Project("{9A19103F-16F7-4668-BE54-9A1E7A4F7556}") = "MySites.Repositories", "MySites.Repositories\MySites.Repositories.csproj", "{637C38C9-1996-45E1-9186-2FD24B988CDD}"
EndProject
Project("{9A19103F-16F7-4668-BE54-9A1E7A4F7556}") = "MySites.IRepositories", "MySites.IRepositories\MySites.IRepositories.csproj", "{189DA889-C3DB-4BAF-8E64-5BB717FFB14F}"
EndProject
Project("{2150E333-8FDC-42A3-9474-1A3956D46DE8}") = "04.Common", "04.Common", "{7448DFC4-A031-4A25-B74B-7917CD5B8BF8}"
EndProject
Project("{9A19103F-16F7-4668-BE54-9A1E7A4F7556}") = "MySites.Common", "MySites.Common\MySites.Common.csproj", "{EDE02657-55C8-487A-AD47-E435F7DFB6C6}"
EndProject
Project("{9A19103F-16F7-4668-BE54-9A1E7A4F7556}") = "Framework.WebApi", "Framework.WebApi\Framework.WebApi.csproj", "{C2D5B17F-13F5-4FCF-AAD0-6FE940A5F24E}"
EndProject
Project("{9A19103F-16F7-4668-BE54-9A1E7A4F7556}") = "MySites.Web", "MySites.Web\MySites.Web.csproj", "{34B80BB2-5D71-4976-A2C5-B14EDFACF57D}"
EndProject
Project("{9A19103F-16F7-4668-BE54-9A1E7A4F7556}") = "MySites.DTO", "MySites.DTO\MySites.DTO.csproj", "{71290883-A936-41C2-8EB4-934755BB4B7D}"
EndProject
Project("{2150E333-8FDC-42A3-9474-1A3956D46DE8}") = "03.AuthApi", "03.AuthApi", "{037BAC44-31E1-4916-8A24-876F4EE9C7B9}"
EndProject
Project("{9A19103F-16F7-4668-BE54-9A1E7A4F7556}") = "Auth.Api", "Auth.Api\Auth.Api.csproj", "{184D6EEC-D534-4563-A832-0AE6F005E199}"
EndProject
Project("{2150E333-8FDC-42A3-9474-1A3956D46DE8}") = "02.Repositories", "02.Repositories", "{D9429C94-3B82-40AD-988B-F1B1F60F6894}"
EndProject
Project("{2150E333-8FDC-42A3-9474-1A3956D46DE8}") = "03.Services", "03.Services", "{43CB9566-F6BE-4D2B-BE4F-C3815953999E}"
EndProject
Project("{2150E333-8FDC-42A3-9474-1A3956D46DE8}") = "01.Web", "01.Web", "{A1459468-D81A-48EA-91FE-2973D7DD13FE}"
EndProject
Project("{2150E333-8FDC-42A3-9474-1A3956D46DE8}") = "01.Api", "01.Api", "{5D9096C1-6FAD-4189-9247-11CB63DA5B42}"
EndProject
Project("{FAE04EC0-301F-11D3-BF4B-00C04F79EFBC}") = "Auth.IRespositories", "Auth.IRespositories\Auth.IRespositories.csproj", "{9A401A6E-F281-489D-9C4C-6D3B2F0507AA}"
EndProject
Project("{FAE04EC0-301F-11D3-BF4B-00C04F79EFBC}") = "Auth.Respositories", "Auth.Respositories\Auth.Respositories.csproj", "{A9633DC0-E5F1-4D17-89D1-563075B57CCB}"
EndProject
Project("{FAE04EC0-301F-11D3-BF4B-00C04F79EFBC}") = "Auth.IServices", "Auth.IServices\Auth.IServices.csproj", "{BEF9A633-63B6-4FAF-8A16-FFA24BDE4CB8}"
EndProject
Project("{FAE04EC0-301F-11D3-BF4B-00C04F79EFBC}") = "Auth.Services", "Auth.Services\Auth.Services.csproj", "{B15009E8-DE9B-46EE-877D-3741B3BDEF81}"
EndProject
Global
	GlobalSection(SolutionConfigurationPlatforms) = preSolution
		Debug|Any CPU = Debug|Any CPU
		Release|Any CPU = Release|Any CPU
	EndGlobalSection
	GlobalSection(ProjectConfigurationPlatforms) = postSolution
		{508747B6-68F8-422D-BA92-8ECB40951A58}.Debug|Any CPU.ActiveCfg = Debug|Any CPU
		{508747B6-68F8-422D-BA92-8ECB40951A58}.Debug|Any CPU.Build.0 = Debug|Any CPU
		{508747B6-68F8-422D-BA92-8ECB40951A58}.Release|Any CPU.ActiveCfg = Release|Any CPU
		{508747B6-68F8-422D-BA92-8ECB40951A58}.Release|Any CPU.Build.0 = Release|Any CPU
		{1B086FC6-0D11-47D6-A0D7-A991F240AB8A}.Debug|Any CPU.ActiveCfg = Debug|Any CPU
		{1B086FC6-0D11-47D6-A0D7-A991F240AB8A}.Debug|Any CPU.Build.0 = Debug|Any CPU
		{1B086FC6-0D11-47D6-A0D7-A991F240AB8A}.Release|Any CPU.ActiveCfg = Release|Any CPU
		{1B086FC6-0D11-47D6-A0D7-A991F240AB8A}.Release|Any CPU.Build.0 = Release|Any CPU
		{C6E91090-7BE4-4D4C-903D-0332375CE331}.Debug|Any CPU.ActiveCfg = Debug|Any CPU
		{C6E91090-7BE4-4D4C-903D-0332375CE331}.Debug|Any CPU.Build.0 = Debug|Any CPU
		{C6E91090-7BE4-4D4C-903D-0332375CE331}.Release|Any CPU.ActiveCfg = Release|Any CPU
		{C6E91090-7BE4-4D4C-903D-0332375CE331}.Release|Any CPU.Build.0 = Release|Any CPU
		{045B4AA8-5042-4036-A262-2067985E630B}.Debug|Any CPU.ActiveCfg = Debug|Any CPU
		{045B4AA8-5042-4036-A262-2067985E630B}.Debug|Any CPU.Build.0 = Debug|Any CPU
		{045B4AA8-5042-4036-A262-2067985E630B}.Release|Any CPU.ActiveCfg = Release|Any CPU
		{045B4AA8-5042-4036-A262-2067985E630B}.Release|Any CPU.Build.0 = Release|Any CPU
		{637C38C9-1996-45E1-9186-2FD24B988CDD}.Debug|Any CPU.ActiveCfg = Debug|Any CPU
		{637C38C9-1996-45E1-9186-2FD24B988CDD}.Debug|Any CPU.Build.0 = Debug|Any CPU
		{637C38C9-1996-45E1-9186-2FD24B988CDD}.Release|Any CPU.ActiveCfg = Release|Any CPU
		{637C38C9-1996-45E1-9186-2FD24B988CDD}.Release|Any CPU.Build.0 = Release|Any CPU
		{189DA889-C3DB-4BAF-8E64-5BB717FFB14F}.Debug|Any CPU.ActiveCfg = Debug|Any CPU
		{189DA889-C3DB-4BAF-8E64-5BB717FFB14F}.Debug|Any CPU.Build.0 = Debug|Any CPU
		{189DA889-C3DB-4BAF-8E64-5BB717FFB14F}.Release|Any CPU.ActiveCfg = Release|Any CPU
		{189DA889-C3DB-4BAF-8E64-5BB717FFB14F}.Release|Any CPU.Build.0 = Release|Any CPU
		{EDE02657-55C8-487A-AD47-E435F7DFB6C6}.Debug|Any CPU.ActiveCfg = Debug|Any CPU
		{EDE02657-55C8-487A-AD47-E435F7DFB6C6}.Debug|Any CPU.Build.0 = Debug|Any CPU
		{EDE02657-55C8-487A-AD47-E435F7DFB6C6}.Release|Any CPU.ActiveCfg = Release|Any CPU
		{EDE02657-55C8-487A-AD47-E435F7DFB6C6}.Release|Any CPU.Build.0 = Release|Any CPU
		{C2D5B17F-13F5-4FCF-AAD0-6FE940A5F24E}.Debug|Any CPU.ActiveCfg = Debug|Any CPU
		{C2D5B17F-13F5-4FCF-AAD0-6FE940A5F24E}.Debug|Any CPU.Build.0 = Debug|Any CPU
		{C2D5B17F-13F5-4FCF-AAD0-6FE940A5F24E}.Release|Any CPU.ActiveCfg = Release|Any CPU
		{C2D5B17F-13F5-4FCF-AAD0-6FE940A5F24E}.Release|Any CPU.Build.0 = Release|Any CPU
		{34B80BB2-5D71-4976-A2C5-B14EDFACF57D}.Debug|Any CPU.ActiveCfg = Debug|Any CPU
		{34B80BB2-5D71-4976-A2C5-B14EDFACF57D}.Debug|Any CPU.Build.0 = Debug|Any CPU
		{34B80BB2-5D71-4976-A2C5-B14EDFACF57D}.Release|Any CPU.ActiveCfg = Release|Any CPU
		{34B80BB2-5D71-4976-A2C5-B14EDFACF57D}.Release|Any CPU.Build.0 = Release|Any CPU
		{71290883-A936-41C2-8EB4-934755BB4B7D}.Debug|Any CPU.ActiveCfg = Debug|Any CPU
		{71290883-A936-41C2-8EB4-934755BB4B7D}.Debug|Any CPU.Build.0 = Debug|Any CPU
		{71290883-A936-41C2-8EB4-934755BB4B7D}.Release|Any CPU.ActiveCfg = Release|Any CPU
		{71290883-A936-41C2-8EB4-934755BB4B7D}.Release|Any CPU.Build.0 = Release|Any CPU
		{184D6EEC-D534-4563-A832-0AE6F005E199}.Debug|Any CPU.ActiveCfg = Debug|Any CPU
		{184D6EEC-D534-4563-A832-0AE6F005E199}.Debug|Any CPU.Build.0 = Debug|Any CPU
		{184D6EEC-D534-4563-A832-0AE6F005E199}.Release|Any CPU.ActiveCfg = Release|Any CPU
		{184D6EEC-D534-4563-A832-0AE6F005E199}.Release|Any CPU.Build.0 = Release|Any CPU
		{9A401A6E-F281-489D-9C4C-6D3B2F0507AA}.Debug|Any CPU.ActiveCfg = Debug|Any CPU
		{9A401A6E-F281-489D-9C4C-6D3B2F0507AA}.Debug|Any CPU.Build.0 = Debug|Any CPU
		{9A401A6E-F281-489D-9C4C-6D3B2F0507AA}.Release|Any CPU.ActiveCfg = Release|Any CPU
		{9A401A6E-F281-489D-9C4C-6D3B2F0507AA}.Release|Any CPU.Build.0 = Release|Any CPU
		{A9633DC0-E5F1-4D17-89D1-563075B57CCB}.Debug|Any CPU.ActiveCfg = Debug|Any CPU
		{A9633DC0-E5F1-4D17-89D1-563075B57CCB}.Debug|Any CPU.Build.0 = Debug|Any CPU
		{A9633DC0-E5F1-4D17-89D1-563075B57CCB}.Release|Any CPU.ActiveCfg = Release|Any CPU
		{A9633DC0-E5F1-4D17-89D1-563075B57CCB}.Release|Any CPU.Build.0 = Release|Any CPU
		{BEF9A633-63B6-4FAF-8A16-FFA24BDE4CB8}.Debug|Any CPU.ActiveCfg = Debug|Any CPU
		{BEF9A633-63B6-4FAF-8A16-FFA24BDE4CB8}.Debug|Any CPU.Build.0 = Debug|Any CPU
		{BEF9A633-63B6-4FAF-8A16-FFA24BDE4CB8}.Release|Any CPU.ActiveCfg = Release|Any CPU
		{BEF9A633-63B6-4FAF-8A16-FFA24BDE4CB8}.Release|Any CPU.Build.0 = Release|Any CPU
		{B15009E8-DE9B-46EE-877D-3741B3BDEF81}.Debug|Any CPU.ActiveCfg = Debug|Any CPU
		{B15009E8-DE9B-46EE-877D-3741B3BDEF81}.Debug|Any CPU.Build.0 = Debug|Any CPU
		{B15009E8-DE9B-46EE-877D-3741B3BDEF81}.Release|Any CPU.ActiveCfg = Release|Any CPU
		{B15009E8-DE9B-46EE-877D-3741B3BDEF81}.Release|Any CPU.Build.0 = Release|Any CPU
	EndGlobalSection
	GlobalSection(SolutionProperties) = preSolution
		HideSolutionNode = FALSE
	EndGlobalSection
	GlobalSection(NestedProjects) = preSolution
		{508747B6-68F8-422D-BA92-8ECB40951A58} = {F7A06D62-7D7F-4E3A-B6B6-516702F200E2}
		{B1A7436B-8D20-41D0-9516-DD52BB8D3933} = {2534EA69-0D35-47D7-9DCC-8E16664880B2}
		{0B95A718-2AB2-4DAA-B3A5-DAF42F6019C1} = {2534EA69-0D35-47D7-9DCC-8E16664880B2}
		{1B086FC6-0D11-47D6-A0D7-A991F240AB8A} = {F06A3493-20FB-4125-9BE3-3C2ACC85D73D}
		{C6E91090-7BE4-4D4C-903D-0332375CE331} = {B1A7436B-8D20-41D0-9516-DD52BB8D3933}
		{045B4AA8-5042-4036-A262-2067985E630B} = {B1A7436B-8D20-41D0-9516-DD52BB8D3933}
		{637C38C9-1996-45E1-9186-2FD24B988CDD} = {0B95A718-2AB2-4DAA-B3A5-DAF42F6019C1}
		{189DA889-C3DB-4BAF-8E64-5BB717FFB14F} = {0B95A718-2AB2-4DAA-B3A5-DAF42F6019C1}
		{EDE02657-55C8-487A-AD47-E435F7DFB6C6} = {7448DFC4-A031-4A25-B74B-7917CD5B8BF8}
		{C2D5B17F-13F5-4FCF-AAD0-6FE940A5F24E} = {F7A06D62-7D7F-4E3A-B6B6-516702F200E2}
		{34B80BB2-5D71-4976-A2C5-B14EDFACF57D} = {A1459468-D81A-48EA-91FE-2973D7DD13FE}
		{71290883-A936-41C2-8EB4-934755BB4B7D} = {F06A3493-20FB-4125-9BE3-3C2ACC85D73D}
		{184D6EEC-D534-4563-A832-0AE6F005E199} = {5D9096C1-6FAD-4189-9247-11CB63DA5B42}
		{D9429C94-3B82-40AD-988B-F1B1F60F6894} = {037BAC44-31E1-4916-8A24-876F4EE9C7B9}
		{43CB9566-F6BE-4D2B-BE4F-C3815953999E} = {037BAC44-31E1-4916-8A24-876F4EE9C7B9}
		{A1459468-D81A-48EA-91FE-2973D7DD13FE} = {2534EA69-0D35-47D7-9DCC-8E16664880B2}
		{5D9096C1-6FAD-4189-9247-11CB63DA5B42} = {037BAC44-31E1-4916-8A24-876F4EE9C7B9}
		{9A401A6E-F281-489D-9C4C-6D3B2F0507AA} = {D9429C94-3B82-40AD-988B-F1B1F60F6894}
		{A9633DC0-E5F1-4D17-89D1-563075B57CCB} = {D9429C94-3B82-40AD-988B-F1B1F60F6894}
		{BEF9A633-63B6-4FAF-8A16-FFA24BDE4CB8} = {43CB9566-F6BE-4D2B-BE4F-C3815953999E}
		{B15009E8-DE9B-46EE-877D-3741B3BDEF81} = {43CB9566-F6BE-4D2B-BE4F-C3815953999E}
	EndGlobalSection
	GlobalSection(ExtensibilityGlobals) = postSolution
		SolutionGuid = {1E748B06-D48D-40A3-8024-A439C01011DC}
	EndGlobalSection
EndGlobal
